// !$*UTF8*$!
{
	archiveVersion = 1;
	classes = {
	};
	objectVersion = 51;
	objects = {

/* Begin PBXBuildFile section */
		1D0E2CF2944F1827A1A3789E /* Pods_home_org.framework in Frameworks */ = {isa = PBXBuildFile; fileRef = 4B6FD5057F5234C5C7FEAB11 /* Pods_home_org.framework */; };
		BC17643D2662869300D1E74F /* DishTableViewCell.swift in Sources */ = {isa = PBXBuildFile; fileRef = BC17643B2662869300D1E74F /* DishTableViewCell.swift */; };
		BC17643E2662869300D1E74F /* DishTableViewCell.xib in Resources */ = {isa = PBXBuildFile; fileRef = BC17643C2662869300D1E74F /* DishTableViewCell.xib */; };
		BC1764432662A7B100D1E74F /* DishViewController.swift in Sources */ = {isa = PBXBuildFile; fileRef = BC1764422662A7B100D1E74F /* DishViewController.swift */; };
		BC17644926636FA500D1E74F /* CoreDataManager.swift in Sources */ = {isa = PBXBuildFile; fileRef = BC17644826636FA500D1E74F /* CoreDataManager.swift */; };
		BC711A5B2659270F00DBC736 /* AppDelegate.swift in Sources */ = {isa = PBXBuildFile; fileRef = BC711A5A2659270F00DBC736 /* AppDelegate.swift */; };
		BC711A5D2659270F00DBC736 /* SceneDelegate.swift in Sources */ = {isa = PBXBuildFile; fileRef = BC711A5C2659270F00DBC736 /* SceneDelegate.swift */; };
		BC711A5F2659270F00DBC736 /* HomeViewController.swift in Sources */ = {isa = PBXBuildFile; fileRef = BC711A5E2659270F00DBC736 /* HomeViewController.swift */; };
		BC711A622659270F00DBC736 /* Main.storyboard in Resources */ = {isa = PBXBuildFile; fileRef = BC711A602659270F00DBC736 /* Main.storyboard */; };
		BC711A652659270F00DBC736 /* home_org.xcdatamodeld in Sources */ = {isa = PBXBuildFile; fileRef = BC711A632659270F00DBC736 /* home_org.xcdatamodeld */; };
		BC711A672659271000DBC736 /* Assets.xcassets in Resources */ = {isa = PBXBuildFile; fileRef = BC711A662659271000DBC736 /* Assets.xcassets */; };
		BC711A6A2659271000DBC736 /* LaunchScreen.storyboard in Resources */ = {isa = PBXBuildFile; fileRef = BC711A682659271000DBC736 /* LaunchScreen.storyboard */; };
		BC9401CA266CCBCE001FB8DC /* ArticleTableViewCell.xib in Resources */ = {isa = PBXBuildFile; fileRef = BC9401C8266CCBCE001FB8DC /* ArticleTableViewCell.xib */; };
		BC9401CB266CCBCE001FB8DC /* ArticleTableViewCell.swift in Sources */ = {isa = PBXBuildFile; fileRef = BC9401C9266CCBCE001FB8DC /* ArticleTableViewCell.swift */; };
		BCA304292659325200F8E3A9 /* Constants.swift in Sources */ = {isa = PBXBuildFile; fileRef = BCA304282659325200F8E3A9 /* Constants.swift */; };
		BCA3042E26593A3C00F8E3A9 /* Menus.storyboard in Resources */ = {isa = PBXBuildFile; fileRef = BCA3042D26593A3C00F8E3A9 /* Menus.storyboard */; };
		BCA3043026593A5D00F8E3A9 /* MenusViewController.swift in Sources */ = {isa = PBXBuildFile; fileRef = BCA3042F26593A5D00F8E3A9 /* MenusViewController.swift */; };
		BCA3043B26593E2E00F8E3A9 /* Courses.storyboard in Resources */ = {isa = PBXBuildFile; fileRef = BCA3043326593E2E00F8E3A9 /* Courses.storyboard */; };
		BCA3043C26593E2E00F8E3A9 /* CoursesViewController.swift in Sources */ = {isa = PBXBuildFile; fileRef = BCA3043426593E2E00F8E3A9 /* CoursesViewController.swift */; };
		BCA3043D26593E2E00F8E3A9 /* InventoriesViewController.swift in Sources */ = {isa = PBXBuildFile; fileRef = BCA3043626593E2E00F8E3A9 /* InventoriesViewController.swift */; };
		BCA3043E26593E2E00F8E3A9 /* Inventories.storyboard in Resources */ = {isa = PBXBuildFile; fileRef = BCA3043726593E2E00F8E3A9 /* Inventories.storyboard */; };
		BCA3043F26593E2E00F8E3A9 /* Dishes.storyboard in Resources */ = {isa = PBXBuildFile; fileRef = BCA3043926593E2E00F8E3A9 /* Dishes.storyboard */; };
		BCA3044026593E2E00F8E3A9 /* DishesViewController.swift in Sources */ = {isa = PBXBuildFile; fileRef = BCA3043A26593E2E00F8E3A9 /* DishesViewController.swift */; };
		BCA304442659424900F8E3A9 /* ScrollGrayView.swift in Sources */ = {isa = PBXBuildFile; fileRef = BCA304432659424900F8E3A9 /* ScrollGrayView.swift */; };
		BCA30446265943E300F8E3A9 /* ScrollGrayView.xib in Resources */ = {isa = PBXBuildFile; fileRef = BCA30445265943E300F8E3A9 /* ScrollGrayView.xib */; };
		BCA3044A265AB43000F8E3A9 /* CreateMenuViewController.swift in Sources */ = {isa = PBXBuildFile; fileRef = BCA30448265AB43000F8E3A9 /* CreateMenuViewController.swift */; };
		BCA3044B265AB43000F8E3A9 /* CreateMenu.storyboard in Resources */ = {isa = PBXBuildFile; fileRef = BCA30449265AB43000F8E3A9 /* CreateMenu.storyboard */; };
/* End PBXBuildFile section */

/* Begin PBXFileReference section */
		4B6FD5057F5234C5C7FEAB11 /* Pods_home_org.framework */ = {isa = PBXFileReference; explicitFileType = wrapper.framework; includeInIndex = 0; path = Pods_home_org.framework; sourceTree = BUILT_PRODUCTS_DIR; };
		843153E57D73D0ACDF959849 /* Pods-home-org.debug.xcconfig */ = {isa = PBXFileReference; includeInIndex = 1; lastKnownFileType = text.xcconfig; name = "Pods-home-org.debug.xcconfig"; path = "Target Support Files/Pods-home-org/Pods-home-org.debug.xcconfig"; sourceTree = "<group>"; };
		BC17643B2662869300D1E74F /* DishTableViewCell.swift */ = {isa = PBXFileReference; lastKnownFileType = sourcecode.swift; path = DishTableViewCell.swift; sourceTree = "<group>"; };
		BC17643C2662869300D1E74F /* DishTableViewCell.xib */ = {isa = PBXFileReference; lastKnownFileType = file.xib; path = DishTableViewCell.xib; sourceTree = "<group>"; };
		BC1764422662A7B100D1E74F /* DishViewController.swift */ = {isa = PBXFileReference; lastKnownFileType = sourcecode.swift; path = DishViewController.swift; sourceTree = "<group>"; };
		BC17644826636FA500D1E74F /* CoreDataManager.swift */ = {isa = PBXFileReference; lastKnownFileType = sourcecode.swift; path = CoreDataManager.swift; sourceTree = "<group>"; };
		BC711A572659270F00DBC736 /* home-org.app */ = {isa = PBXFileReference; explicitFileType = wrapper.application; includeInIndex = 0; path = "home-org.app"; sourceTree = BUILT_PRODUCTS_DIR; };
		BC711A5A2659270F00DBC736 /* AppDelegate.swift */ = {isa = PBXFileReference; lastKnownFileType = sourcecode.swift; path = AppDelegate.swift; sourceTree = "<group>"; };
		BC711A5C2659270F00DBC736 /* SceneDelegate.swift */ = {isa = PBXFileReference; lastKnownFileType = sourcecode.swift; path = SceneDelegate.swift; sourceTree = "<group>"; };
		BC711A5E2659270F00DBC736 /* HomeViewController.swift */ = {isa = PBXFileReference; lastKnownFileType = sourcecode.swift; path = HomeViewController.swift; sourceTree = "<group>"; };
		BC711A612659270F00DBC736 /* Base */ = {isa = PBXFileReference; lastKnownFileType = file.storyboard; name = Base; path = Base.lproj/Main.storyboard; sourceTree = "<group>"; };
		BC711A642659270F00DBC736 /* home_org.xcdatamodel */ = {isa = PBXFileReference; lastKnownFileType = wrapper.xcdatamodel; path = home_org.xcdatamodel; sourceTree = "<group>"; };
		BC711A662659271000DBC736 /* Assets.xcassets */ = {isa = PBXFileReference; lastKnownFileType = folder.assetcatalog; path = Assets.xcassets; sourceTree = "<group>"; };
		BC711A692659271000DBC736 /* Base */ = {isa = PBXFileReference; lastKnownFileType = file.storyboard; name = Base; path = Base.lproj/LaunchScreen.storyboard; sourceTree = "<group>"; };
		BC711A6B2659271000DBC736 /* Info.plist */ = {isa = PBXFileReference; lastKnownFileType = text.plist.xml; path = Info.plist; sourceTree = "<group>"; };
		BC9401C8266CCBCE001FB8DC /* ArticleTableViewCell.xib */ = {isa = PBXFileReference; fileEncoding = 4; lastKnownFileType = file.xib; path = ArticleTableViewCell.xib; sourceTree = "<group>"; };
		BC9401C9266CCBCE001FB8DC /* ArticleTableViewCell.swift */ = {isa = PBXFileReference; fileEncoding = 4; lastKnownFileType = sourcecode.swift; path = ArticleTableViewCell.swift; sourceTree = "<group>"; };
		BCA304282659325200F8E3A9 /* Constants.swift */ = {isa = PBXFileReference; lastKnownFileType = sourcecode.swift; path = Constants.swift; sourceTree = "<group>"; };
		BCA3042D26593A3C00F8E3A9 /* Menus.storyboard */ = {isa = PBXFileReference; lastKnownFileType = file.storyboard; path = Menus.storyboard; sourceTree = "<group>"; };
		BCA3042F26593A5D00F8E3A9 /* MenusViewController.swift */ = {isa = PBXFileReference; lastKnownFileType = sourcecode.swift; path = MenusViewController.swift; sourceTree = "<group>"; };
		BCA3043326593E2E00F8E3A9 /* Courses.storyboard */ = {isa = PBXFileReference; fileEncoding = 4; lastKnownFileType = file.storyboard; path = Courses.storyboard; sourceTree = "<group>"; };
		BCA3043426593E2E00F8E3A9 /* CoursesViewController.swift */ = {isa = PBXFileReference; fileEncoding = 4; lastKnownFileType = sourcecode.swift; path = CoursesViewController.swift; sourceTree = "<group>"; };
		BCA3043626593E2E00F8E3A9 /* InventoriesViewController.swift */ = {isa = PBXFileReference; fileEncoding = 4; lastKnownFileType = sourcecode.swift; path = InventoriesViewController.swift; sourceTree = "<group>"; };
		BCA3043726593E2E00F8E3A9 /* Inventories.storyboard */ = {isa = PBXFileReference; fileEncoding = 4; lastKnownFileType = file.storyboard; path = Inventories.storyboard; sourceTree = "<group>"; };
		BCA3043926593E2E00F8E3A9 /* Dishes.storyboard */ = {isa = PBXFileReference; fileEncoding = 4; lastKnownFileType = file.storyboard; path = Dishes.storyboard; sourceTree = "<group>"; };
		BCA3043A26593E2E00F8E3A9 /* DishesViewController.swift */ = {isa = PBXFileReference; fileEncoding = 4; lastKnownFileType = sourcecode.swift; path = DishesViewController.swift; sourceTree = "<group>"; };
		BCA304432659424900F8E3A9 /* ScrollGrayView.swift */ = {isa = PBXFileReference; lastKnownFileType = sourcecode.swift; path = ScrollGrayView.swift; sourceTree = "<group>"; };
		BCA30445265943E300F8E3A9 /* ScrollGrayView.xib */ = {isa = PBXFileReference; lastKnownFileType = file.xib; path = ScrollGrayView.xib; sourceTree = "<group>"; };
		BCA30448265AB43000F8E3A9 /* CreateMenuViewController.swift */ = {isa = PBXFileReference; fileEncoding = 4; lastKnownFileType = sourcecode.swift; path = CreateMenuViewController.swift; sourceTree = "<group>"; };
		BCA30449265AB43000F8E3A9 /* CreateMenu.storyboard */ = {isa = PBXFileReference; fileEncoding = 4; lastKnownFileType = file.storyboard; path = CreateMenu.storyboard; sourceTree = "<group>"; };
		D32EAB5FF46C436F83E121AF /* Pods-home-org.release.xcconfig */ = {isa = PBXFileReference; includeInIndex = 1; lastKnownFileType = text.xcconfig; name = "Pods-home-org.release.xcconfig"; path = "Target Support Files/Pods-home-org/Pods-home-org.release.xcconfig"; sourceTree = "<group>"; };
/* End PBXFileReference section */

/* Begin PBXFrameworksBuildPhase section */
		BC711A542659270F00DBC736 /* Frameworks */ = {
			isa = PBXFrameworksBuildPhase;
			buildActionMask = 2147483647;
			files = (
				1D0E2CF2944F1827A1A3789E /* Pods_home_org.framework in Frameworks */,
			);
			runOnlyForDeploymentPostprocessing = 0;
		};
/* End PBXFrameworksBuildPhase section */

/* Begin PBXGroup section */
		8C0007E6A65262CD807542D9 /* Pods */ = {
			isa = PBXGroup;
			children = (
				843153E57D73D0ACDF959849 /* Pods-home-org.debug.xcconfig */,
				D32EAB5FF46C436F83E121AF /* Pods-home-org.release.xcconfig */,
			);
			path = Pods;
			sourceTree = "<group>";
		};
		BC17644726636F8500D1E74F /* CoreData */ = {
			isa = PBXGroup;
			children = (
				BC711A632659270F00DBC736 /* home_org.xcdatamodeld */,
				BC17644826636FA500D1E74F /* CoreDataManager.swift */,
			);
			path = CoreData;
			sourceTree = "<group>";
		};
		BC711A4E2659270F00DBC736 = {
			isa = PBXGroup;
			children = (
				BC711A592659270F00DBC736 /* home-org */,
				BC711A582659270F00DBC736 /* Products */,
				8C0007E6A65262CD807542D9 /* Pods */,
				DE75BA17E3D68D0473D657FE /* Frameworks */,
			);
			sourceTree = "<group>";
		};
		BC711A582659270F00DBC736 /* Products */ = {
			isa = PBXGroup;
			children = (
				BC711A572659270F00DBC736 /* home-org.app */,
			);
			name = Products;
			sourceTree = "<group>";
		};
		BC711A592659270F00DBC736 /* home-org */ = {
			isa = PBXGroup;
			children = (
				BCA30441265941EC00F8E3A9 /* Components */,
				BCA3042326592D1C00F8E3A9 /* Modules */,
				BC17644726636F8500D1E74F /* CoreData */,
				BCA3042426592D3400F8E3A9 /* Config */,
				BCA3042526592D4100F8E3A9 /* Ressources */,
			);
			path = "home-org";
			sourceTree = "<group>";
		};
		BCA3042326592D1C00F8E3A9 /* Modules */ = {
			isa = PBXGroup;
			children = (
				BCA3042726592E1B00F8E3A9 /* AppDelegate */,
				BCA30447265AB43000F8E3A9 /* CreateMenu */,
				BCA3042626592E0400F8E3A9 /* Home */,
				BCA3042A265939E100F8E3A9 /* Menus */,
				BCA3043226593E2E00F8E3A9 /* Courses */,
				BCA3043826593E2E00F8E3A9 /* Dishes */,
				BCA3043526593E2E00F8E3A9 /* Inventories */,
			);
			path = Modules;
			sourceTree = "<group>";
		};
		BCA3042426592D3400F8E3A9 /* Config */ = {
			isa = PBXGroup;
			children = (
				BC711A6B2659271000DBC736 /* Info.plist */,
			);
			path = Config;
			sourceTree = "<group>";
		};
		BCA3042526592D4100F8E3A9 /* Ressources */ = {
			isa = PBXGroup;
			children = (
				BCA304282659325200F8E3A9 /* Constants.swift */,
				BC711A682659271000DBC736 /* LaunchScreen.storyboard */,
				BC711A662659271000DBC736 /* Assets.xcassets */,
			);
			path = Ressources;
			sourceTree = "<group>";
		};
		BCA3042626592E0400F8E3A9 /* Home */ = {
			isa = PBXGroup;
			children = (
				BC711A5E2659270F00DBC736 /* HomeViewController.swift */,
				BC711A602659270F00DBC736 /* Main.storyboard */,
			);
			path = Home;
			sourceTree = "<group>";
		};
		BCA3042726592E1B00F8E3A9 /* AppDelegate */ = {
			isa = PBXGroup;
			children = (
				BC711A5A2659270F00DBC736 /* AppDelegate.swift */,
				BC711A5C2659270F00DBC736 /* SceneDelegate.swift */,
			);
			path = AppDelegate;
			sourceTree = "<group>";
		};
		BCA3042A265939E100F8E3A9 /* Menus */ = {
			isa = PBXGroup;
			children = (
				BCA3042F26593A5D00F8E3A9 /* MenusViewController.swift */,
				BCA3042D26593A3C00F8E3A9 /* Menus.storyboard */,
			);
			path = Menus;
			sourceTree = "<group>";
		};
		BCA3043226593E2E00F8E3A9 /* Courses */ = {
			isa = PBXGroup;
			children = (
				BCA3043426593E2E00F8E3A9 /* CoursesViewController.swift */,
				BCA3043326593E2E00F8E3A9 /* Courses.storyboard */,
				BC9401C9266CCBCE001FB8DC /* ArticleTableViewCell.swift */,
				BC9401C8266CCBCE001FB8DC /* ArticleTableViewCell.xib */,
			);
			path = Courses;
			sourceTree = "<group>";
		};
		BCA3043526593E2E00F8E3A9 /* Inventories */ = {
			isa = PBXGroup;
			children = (
				BCA3043626593E2E00F8E3A9 /* InventoriesViewController.swift */,
				BCA3043726593E2E00F8E3A9 /* Inventories.storyboard */,
			);
			path = Inventories;
			sourceTree = "<group>";
		};
		BCA3043826593E2E00F8E3A9 /* Dishes */ = {
			isa = PBXGroup;
			children = (
				BCA3043A26593E2E00F8E3A9 /* DishesViewController.swift */,
				BC1764422662A7B100D1E74F /* DishViewController.swift */,
				BCA3043926593E2E00F8E3A9 /* Dishes.storyboard */,
				BC17643B2662869300D1E74F /* DishTableViewCell.swift */,
				BC17643C2662869300D1E74F /* DishTableViewCell.xib */,
			);
			path = Dishes;
			sourceTree = "<group>";
		};
		BCA30441265941EC00F8E3A9 /* Components */ = {
			isa = PBXGroup;
			children = (
				BCA30442265941F900F8E3A9 /* ScrollGrayView */,
			);
			path = Components;
			sourceTree = "<group>";
		};
		BCA30442265941F900F8E3A9 /* ScrollGrayView */ = {
			isa = PBXGroup;
			children = (
				BCA304432659424900F8E3A9 /* ScrollGrayView.swift */,
				BCA30445265943E300F8E3A9 /* ScrollGrayView.xib */,
			);
			path = ScrollGrayView;
			sourceTree = "<group>";
		};
		BCA30447265AB43000F8E3A9 /* CreateMenu */ = {
			isa = PBXGroup;
			children = (
				BCA30448265AB43000F8E3A9 /* CreateMenuViewController.swift */,
				BCA30449265AB43000F8E3A9 /* CreateMenu.storyboard */,
			);
			path = CreateMenu;
			sourceTree = "<group>";
		};
		DE75BA17E3D68D0473D657FE /* Frameworks */ = {
			isa = PBXGroup;
			children = (
				4B6FD5057F5234C5C7FEAB11 /* Pods_home_org.framework */,
			);
			name = Frameworks;
			sourceTree = "<group>";
		};
/* End PBXGroup section */

/* Begin PBXNativeTarget section */
		BC711A562659270F00DBC736 /* home-org */ = {
			isa = PBXNativeTarget;
			buildConfigurationList = BC711A6E2659271000DBC736 /* Build configuration list for PBXNativeTarget "home-org" */;
			buildPhases = (
				90ADE2CD58E69A6C7B077BA5 /* [CP] Check Pods Manifest.lock */,
				BC711A532659270F00DBC736 /* Sources */,
				BC711A542659270F00DBC736 /* Frameworks */,
				BC711A552659270F00DBC736 /* Resources */,
				BC711A7126592A7F00DBC736 /* ShellScript */,
				0C01BEB07E28E0DAFE578E1F /* [CP] Embed Pods Frameworks */,
			);
			buildRules = (
			);
			dependencies = (
			);
			name = "home-org";
			productName = "home-org";
			productReference = BC711A572659270F00DBC736 /* home-org.app */;
			productType = "com.apple.product-type.application";
		};
/* End PBXNativeTarget section */

/* Begin PBXProject section */
		BC711A4F2659270F00DBC736 /* Project object */ = {
			isa = PBXProject;
			attributes = {
				LastSwiftUpdateCheck = 1250;
				LastUpgradeCheck = 1250;
				TargetAttributes = {
					BC711A562659270F00DBC736 = {
						CreatedOnToolsVersion = 12.5;
					};
				};
			};
			buildConfigurationList = BC711A522659270F00DBC736 /* Build configuration list for PBXProject "home-org" */;
			compatibilityVersion = "Xcode 9.3";
			developmentRegion = en;
			hasScannedForEncodings = 0;
			knownRegions = (
				en,
				Base,
			);
			mainGroup = BC711A4E2659270F00DBC736;
			productRefGroup = BC711A582659270F00DBC736 /* Products */;
			projectDirPath = "";
			projectRoot = "";
			targets = (
				BC711A562659270F00DBC736 /* home-org */,
			);
		};
/* End PBXProject section */

/* Begin PBXResourcesBuildPhase section */
		BC711A552659270F00DBC736 /* Resources */ = {
			isa = PBXResourcesBuildPhase;
			buildActionMask = 2147483647;
			files = (
				BCA30446265943E300F8E3A9 /* ScrollGrayView.xib in Resources */,
				BCA3043B26593E2E00F8E3A9 /* Courses.storyboard in Resources */,
				BCA3043F26593E2E00F8E3A9 /* Dishes.storyboard in Resources */,
				BC9401CA266CCBCE001FB8DC /* ArticleTableViewCell.xib in Resources */,
				BC17643E2662869300D1E74F /* DishTableViewCell.xib in Resources */,
				BC711A6A2659271000DBC736 /* LaunchScreen.storyboard in Resources */,
				BC711A672659271000DBC736 /* Assets.xcassets in Resources */,
				BCA3044B265AB43000F8E3A9 /* CreateMenu.storyboard in Resources */,
				BCA3043E26593E2E00F8E3A9 /* Inventories.storyboard in Resources */,
				BC711A622659270F00DBC736 /* Main.storyboard in Resources */,
				BCA3042E26593A3C00F8E3A9 /* Menus.storyboard in Resources */,
			);
			runOnlyForDeploymentPostprocessing = 0;
		};
/* End PBXResourcesBuildPhase section */

/* Begin PBXShellScriptBuildPhase section */
		0C01BEB07E28E0DAFE578E1F /* [CP] Embed Pods Frameworks */ = {
			isa = PBXShellScriptBuildPhase;
			buildActionMask = 2147483647;
			files = (
			);
			inputFileListPaths = (
				"${PODS_ROOT}/Target Support Files/Pods-home-org/Pods-home-org-frameworks-${CONFIGURATION}-input-files.xcfilelist",
			);
			name = "[CP] Embed Pods Frameworks";
			outputFileListPaths = (
				"${PODS_ROOT}/Target Support Files/Pods-home-org/Pods-home-org-frameworks-${CONFIGURATION}-output-files.xcfilelist",
			);
			runOnlyForDeploymentPostprocessing = 0;
			shellPath = /bin/sh;
			shellScript = "\"${PODS_ROOT}/Target Support Files/Pods-home-org/Pods-home-org-frameworks.sh\"\n";
			showEnvVarsInLog = 0;
		};
		90ADE2CD58E69A6C7B077BA5 /* [CP] Check Pods Manifest.lock */ = {
			isa = PBXShellScriptBuildPhase;
			buildActionMask = 2147483647;
			files = (
			);
			inputFileListPaths = (
			);
			inputPaths = (
				"${PODS_PODFILE_DIR_PATH}/Podfile.lock",
				"${PODS_ROOT}/Manifest.lock",
			);
			name = "[CP] Check Pods Manifest.lock";
			outputFileListPaths = (
			);
			outputPaths = (
				"$(DERIVED_FILE_DIR)/Pods-home-org-checkManifestLockResult.txt",
			);
			runOnlyForDeploymentPostprocessing = 0;
			shellPath = /bin/sh;
			shellScript = "diff \"${PODS_PODFILE_DIR_PATH}/Podfile.lock\" \"${PODS_ROOT}/Manifest.lock\" > /dev/null\nif [ $? != 0 ] ; then\n    # print error to STDERR\n    echo \"error: The sandbox is not in sync with the Podfile.lock. Run 'pod install' or update your CocoaPods installation.\" >&2\n    exit 1\nfi\n# This output is used by Xcode 'outputs' to avoid re-running this script phase.\necho \"SUCCESS\" > \"${SCRIPT_OUTPUT_FILE_0}\"\n";
			showEnvVarsInLog = 0;
		};
		BC711A7126592A7F00DBC736 /* ShellScript */ = {
			isa = PBXShellScriptBuildPhase;
			buildActionMask = 2147483647;
			files = (
			);
			inputFileListPaths = (
			);
			inputPaths = (
			);
			outputFileListPaths = (
			);
			outputPaths = (
			);
			runOnlyForDeploymentPostprocessing = 0;
			shellPath = /bin/sh;
			shellScript = "# Type a script or drag a script file from your workspace to insert its path.\nif which swiftlint >/dev/null; then\n  swiftlint\nelse\n  echo \"warning: SwiftLint not installed, download from https://github.com/realm/SwiftLint\"\nfi\n";
		};
/* End PBXShellScriptBuildPhase section */

/* Begin PBXSourcesBuildPhase section */
		BC711A532659270F00DBC736 /* Sources */ = {
			isa = PBXSourcesBuildPhase;
			buildActionMask = 2147483647;
			files = (
				BCA304292659325200F8E3A9 /* Constants.swift in Sources */,
				BC711A5F2659270F00DBC736 /* HomeViewController.swift in Sources */,
				BCA3044026593E2E00F8E3A9 /* DishesViewController.swift in Sources */,
				BC711A652659270F00DBC736 /* home_org.xcdatamodeld in Sources */,
				BCA304442659424900F8E3A9 /* ScrollGrayView.swift in Sources */,
				BCA3044A265AB43000F8E3A9 /* CreateMenuViewController.swift in Sources */,
				BC711A5B2659270F00DBC736 /* AppDelegate.swift in Sources */,
				BC1764432662A7B100D1E74F /* DishViewController.swift in Sources */,
				BCA3043C26593E2E00F8E3A9 /* CoursesViewController.swift in Sources */,
				BC711A5D2659270F00DBC736 /* SceneDelegate.swift in Sources */,
				BC9401CB266CCBCE001FB8DC /* ArticleTableViewCell.swift in Sources */,
				BC17643D2662869300D1E74F /* DishTableViewCell.swift in Sources */,
				BCA3043026593A5D00F8E3A9 /* MenusViewController.swift in Sources */,
				BC17644926636FA500D1E74F /* CoreDataManager.swift in Sources */,
				BCA3043D26593E2E00F8E3A9 /* InventoriesViewController.swift in Sources */,
			);
			runOnlyForDeploymentPostprocessing = 0;
		};
/* End PBXSourcesBuildPhase section */

/* Begin PBXVariantGroup section */
		BC711A602659270F00DBC736 /* Main.storyboard */ = {
			isa = PBXVariantGroup;
			children = (
				BC711A612659270F00DBC736 /* Base */,
			);
			name = Main.storyboard;
			sourceTree = "<group>";
		};
		BC711A682659271000DBC736 /* LaunchScreen.storyboard */ = {
			isa = PBXVariantGroup;
			children = (
				BC711A692659271000DBC736 /* Base */,
			);
			name = LaunchScreen.storyboard;
			sourceTree = "<group>";
		};
/* End PBXVariantGroup section */

/* Begin XCBuildConfiguration section */
		BC711A6C2659271000DBC736 /* Debug */ = {
			isa = XCBuildConfiguration;
			buildSettings = {
				ALWAYS_SEARCH_USER_PATHS = NO;
				CLANG_ANALYZER_NONNULL = YES;
				CLANG_ANALYZER_NUMBER_OBJECT_CONVERSION = YES_AGGRESSIVE;
				CLANG_CXX_LANGUAGE_STANDARD = "gnu++14";
				CLANG_CXX_LIBRARY = "libc++";
				CLANG_ENABLE_MODULES = YES;
				CLANG_ENABLE_OBJC_ARC = YES;
				CLANG_ENABLE_OBJC_WEAK = YES;
				CLANG_WARN_BLOCK_CAPTURE_AUTORELEASING = YES;
				CLANG_WARN_BOOL_CONVERSION = YES;
				CLANG_WARN_COMMA = YES;
				CLANG_WARN_CONSTANT_CONVERSION = YES;
				CLANG_WARN_DEPRECATED_OBJC_IMPLEMENTATIONS = YES;
				CLANG_WARN_DIRECT_OBJC_ISA_USAGE = YES_ERROR;
				CLANG_WARN_DOCUMENTATION_COMMENTS = YES;
				CLANG_WARN_EMPTY_BODY = YES;
				CLANG_WARN_ENUM_CONVERSION = YES;
				CLANG_WARN_INFINITE_RECURSION = YES;
				CLANG_WARN_INT_CONVERSION = YES;
				CLANG_WARN_NON_LITERAL_NULL_CONVERSION = YES;
				CLANG_WARN_OBJC_IMPLICIT_RETAIN_SELF = YES;
				CLANG_WARN_OBJC_LITERAL_CONVERSION = YES;
				CLANG_WARN_OBJC_ROOT_CLASS = YES_ERROR;
				CLANG_WARN_QUOTED_INCLUDE_IN_FRAMEWORK_HEADER = YES;
				CLANG_WARN_RANGE_LOOP_ANALYSIS = YES;
				CLANG_WARN_STRICT_PROTOTYPES = YES;
				CLANG_WARN_SUSPICIOUS_MOVE = YES;
				CLANG_WARN_UNGUARDED_AVAILABILITY = YES_AGGRESSIVE;
				CLANG_WARN_UNREACHABLE_CODE = YES;
				CLANG_WARN__DUPLICATE_METHOD_MATCH = YES;
				COPY_PHASE_STRIP = NO;
				DEBUG_INFORMATION_FORMAT = dwarf;
				ENABLE_STRICT_OBJC_MSGSEND = YES;
				ENABLE_TESTABILITY = YES;
				GCC_C_LANGUAGE_STANDARD = gnu11;
				GCC_DYNAMIC_NO_PIC = NO;
				GCC_NO_COMMON_BLOCKS = YES;
				GCC_OPTIMIZATION_LEVEL = 0;
				GCC_PREPROCESSOR_DEFINITIONS = (
					"DEBUG=1",
					"$(inherited)",
				);
				GCC_WARN_64_TO_32_BIT_CONVERSION = YES;
				GCC_WARN_ABOUT_RETURN_TYPE = YES_ERROR;
				GCC_WARN_UNDECLARED_SELECTOR = YES;
				GCC_WARN_UNINITIALIZED_AUTOS = YES_AGGRESSIVE;
				GCC_WARN_UNUSED_FUNCTION = YES;
				GCC_WARN_UNUSED_VARIABLE = YES;
				IPHONEOS_DEPLOYMENT_TARGET = 13.0;
				MTL_ENABLE_DEBUG_INFO = INCLUDE_SOURCE;
				MTL_FAST_MATH = YES;
				ONLY_ACTIVE_ARCH = YES;
				SDKROOT = iphoneos;
				SWIFT_ACTIVE_COMPILATION_CONDITIONS = DEBUG;
				SWIFT_OPTIMIZATION_LEVEL = "-Onone";
			};
			name = Debug;
		};
		BC711A6D2659271000DBC736 /* Release */ = {
			isa = XCBuildConfiguration;
			buildSettings = {
				ALWAYS_SEARCH_USER_PATHS = NO;
				CLANG_ANALYZER_NONNULL = YES;
				CLANG_ANALYZER_NUMBER_OBJECT_CONVERSION = YES_AGGRESSIVE;
				CLANG_CXX_LANGUAGE_STANDARD = "gnu++14";
				CLANG_CXX_LIBRARY = "libc++";
				CLANG_ENABLE_MODULES = YES;
				CLANG_ENABLE_OBJC_ARC = YES;
				CLANG_ENABLE_OBJC_WEAK = YES;
				CLANG_WARN_BLOCK_CAPTURE_AUTORELEASING = YES;
				CLANG_WARN_BOOL_CONVERSION = YES;
				CLANG_WARN_COMMA = YES;
				CLANG_WARN_CONSTANT_CONVERSION = YES;
				CLANG_WARN_DEPRECATED_OBJC_IMPLEMENTATIONS = YES;
				CLANG_WARN_DIRECT_OBJC_ISA_USAGE = YES_ERROR;
				CLANG_WARN_DOCUMENTATION_COMMENTS = YES;
				CLANG_WARN_EMPTY_BODY = YES;
				CLANG_WARN_ENUM_CONVERSION = YES;
				CLANG_WARN_INFINITE_RECURSION = YES;
				CLANG_WARN_INT_CONVERSION = YES;
				CLANG_WARN_NON_LITERAL_NULL_CONVERSION = YES;
				CLANG_WARN_OBJC_IMPLICIT_RETAIN_SELF = YES;
				CLANG_WARN_OBJC_LITERAL_CONVERSION = YES;
				CLANG_WARN_OBJC_ROOT_CLASS = YES_ERROR;
				CLANG_WARN_QUOTED_INCLUDE_IN_FRAMEWORK_HEADER = YES;
				CLANG_WARN_RANGE_LOOP_ANALYSIS = YES;
				CLANG_WARN_STRICT_PROTOTYPES = YES;
				CLANG_WARN_SUSPICIOUS_MOVE = YES;
				CLANG_WARN_UNGUARDED_AVAILABILITY = YES_AGGRESSIVE;
				CLANG_WARN_UNREACHABLE_CODE = YES;
				CLANG_WARN__DUPLICATE_METHOD_MATCH = YES;
				COPY_PHASE_STRIP = NO;
				DEBUG_INFORMATION_FORMAT = "dwarf-with-dsym";
				ENABLE_NS_ASSERTIONS = NO;
				ENABLE_STRICT_OBJC_MSGSEND = YES;
				GCC_C_LANGUAGE_STANDARD = gnu11;
				GCC_NO_COMMON_BLOCKS = YES;
				GCC_WARN_64_TO_32_BIT_CONVERSION = YES;
				GCC_WARN_ABOUT_RETURN_TYPE = YES_ERROR;
				GCC_WARN_UNDECLARED_SELECTOR = YES;
				GCC_WARN_UNINITIALIZED_AUTOS = YES_AGGRESSIVE;
				GCC_WARN_UNUSED_FUNCTION = YES;
				GCC_WARN_UNUSED_VARIABLE = YES;
				IPHONEOS_DEPLOYMENT_TARGET = 13.0;
				MTL_ENABLE_DEBUG_INFO = NO;
				MTL_FAST_MATH = YES;
				SDKROOT = iphoneos;
				SWIFT_COMPILATION_MODE = wholemodule;
				SWIFT_OPTIMIZATION_LEVEL = "-O";
				VALIDATE_PRODUCT = YES;
			};
			name = Release;
		};
		BC711A6F2659271000DBC736 /* Debug */ = {
			isa = XCBuildConfiguration;
			baseConfigurationReference = 843153E57D73D0ACDF959849 /* Pods-home-org.debug.xcconfig */;
			buildSettings = {
				ASSETCATALOG_COMPILER_APPICON_NAME = AppIcon;
				ASSETCATALOG_COMPILER_GLOBAL_ACCENT_COLOR_NAME = AccentColor;
				CODE_SIGN_IDENTITY = "iPhone Developer";
				CODE_SIGN_STYLE = Manual;
				DEVELOPMENT_TEAM = WK7T3Z2QPN;
				INFOPLIST_FILE = "home-org/Config/Info.plist";
				LD_RUNPATH_SEARCH_PATHS = (
					"$(inherited)",
					"@executable_path/Frameworks",
				);
				PRODUCT_BUNDLE_IDENTIFIER = "benjamin.cante.home-org";
				PRODUCT_NAME = "$(TARGET_NAME)";
				PROVISIONING_PROFILE_SPECIFIER = "HomeOrg DEV";
				SWIFT_VERSION = 5.0;
				TARGETED_DEVICE_FAMILY = "1,2";
			};
			name = Debug;
		};
		BC711A702659271000DBC736 /* Release */ = {
			isa = XCBuildConfiguration;
			baseConfigurationReference = D32EAB5FF46C436F83E121AF /* Pods-home-org.release.xcconfig */;
			buildSettings = {
				ASSETCATALOG_COMPILER_APPICON_NAME = AppIcon;
				ASSETCATALOG_COMPILER_GLOBAL_ACCENT_COLOR_NAME = AccentColor;
				CODE_SIGN_IDENTITY = "iPhone Distribution";
				CODE_SIGN_STYLE = Manual;
				DEVELOPMENT_TEAM = WK7T3Z2QPN;
				INFOPLIST_FILE = "home-org/Config/Info.plist";
				LD_RUNPATH_SEARCH_PATHS = (
					"$(inherited)",
					"@executable_path/Frameworks",
				);
				PRODUCT_BUNDLE_IDENTIFIER = "benjamin.cante.home-org";
				PRODUCT_NAME = "$(TARGET_NAME)";
				PROVISIONING_PROFILE_SPECIFIER = "HomeOrg AppStore";
				SWIFT_VERSION = 5.0;
				TARGETED_DEVICE_FAMILY = "1,2";
			};
			name = Release;
		};
/* End XCBuildConfiguration section */

/* Begin XCConfigurationList section */
		BC711A522659270F00DBC736 /* Build configuration list for PBXProject "home-org" */ = {
			isa = XCConfigurationList;
			buildConfigurations = (
				BC711A6C2659271000DBC736 /* Debug */,
				BC711A6D2659271000DBC736 /* Release */,
			);
			defaultConfigurationIsVisible = 0;
			defaultConfigurationName = Release;
		};
		BC711A6E2659271000DBC736 /* Build configuration list for PBXNativeTarget "home-org" */ = {
			isa = XCConfigurationList;
			buildConfigurations = (
				BC711A6F2659271000DBC736 /* Debug */,
				BC711A702659271000DBC736 /* Release */,
			);
			defaultConfigurationIsVisible = 0;
			defaultConfigurationName = Release;
		};
/* End XCConfigurationList section */

/* Begin XCVersionGroup section */
		BC711A632659270F00DBC736 /* home_org.xcdatamodeld */ = {
			isa = XCVersionGroup;
			children = (
				BC711A642659270F00DBC736 /* home_org.xcdatamodel */,
			);
			currentVersion = BC711A642659270F00DBC736 /* home_org.xcdatamodel */;
			path = home_org.xcdatamodeld;
			sourceTree = "<group>";
			versionGroupType = wrapper.xcdatamodel;
		};
/* End XCVersionGroup section */
	};
	rootObject = BC711A4F2659270F00DBC736 /* Project object */;
}
